
Microsoft Visual Studio Solution File, Format Version 12.00
Project("{FAE04EC0-301F-11D3-BF4B-00C04F79EFBC}") = "neetcode_csharp", "neetcode_csharp\neetcode_csharp.csproj", "{C3A3E6B3-03BD-469A-84C9-02B61EAA4DBB}"
EndProject
Global
	GlobalSection(SolutionConfigurationPlatforms) = preSolution
		Debug|Any CPU = Debug|Any CPU
		Release|Any CPU = Release|Any CPU
	EndGlobalSection
	GlobalSection(ProjectConfigurationPlatforms) = postSolution
		{C3A3E6B3-03BD-469A-84C9-02B61EAA4DBB}.Debug|Any CPU.ActiveCfg = Debug|Any CPU
		{C3A3E6B3-03BD-469A-84C9-02B61EAA4DBB}.Debug|Any CPU.Build.0 = Debug|Any CPU
		{C3A3E6B3-03BD-469A-84C9-02B61EAA4DBB}.Release|Any CPU.ActiveCfg = Release|Any CPU
		{C3A3E6B3-03BD-469A-84C9-02B61EAA4DBB}.Release|Any CPU.Build.0 = Release|Any CPU
	EndGlobalSection
EndGlobal
